
Microsoft Visual Studio Solution File, Format Version 12.00
Project("{FAE04EC0-301F-11D3-BF4B-00C04F79EFBC}") = "Cons", "Cons\Cons.csproj", "{DB8EEF55-FC62-4AA6-B812-E30205B49061}"
EndProject
Global
	GlobalSection(SolutionConfigurationPlatforms) = preSolution
		Debug|Any CPU = Debug|Any CPU
		Release|Any CPU = Release|Any CPU
	EndGlobalSection
	GlobalSection(ProjectConfigurationPlatforms) = postSolution
		{DB8EEF55-FC62-4AA6-B812-E30205B49061}.Debug|Any CPU.ActiveCfg = Debug|Any CPU
		{DB8EEF55-FC62-4AA6-B812-E30205B49061}.Debug|Any CPU.Build.0 = Debug|Any CPU
		{DB8EEF55-FC62-4AA6-B812-E30205B49061}.Release|Any CPU.ActiveCfg = Release|Any CPU
		{DB8EEF55-FC62-4AA6-B812-E30205B49061}.Release|Any CPU.Build.0 = Release|Any CPU
	EndGlobalSection
EndGlobal
